
Microsoft Visual Studio Solution File, Format Version 12.00
# Visual Studio Version 17
VisualStudioVersion = 17.9.34723.18
MinimumVisualStudioVersion = 10.0.40219.1
Project("{9A19103F-16F7-4668-BE54-9A1E7A4F7556}") = "Bkl.StreamServer", "Bkl.StreamServer.csproj", "{3C478075-B407-42B5-8FBE-726210865729}"
EndProject
Project("{9A19103F-16F7-4668-BE54-9A1E7A4F7556}") = "Bkl.Models", "..\Bkl.Models\Bkl.Models.csproj", "{D3825CC7-05BF-4EF9-9729-3EE3706E5037}"
EndProject
Project("{9A19103F-16F7-4668-BE54-9A1E7A4F7556}") = "Bkl.Infrastructure", "..\Bkl.Infrastructure\Bkl.Infrastructure.csproj", "{C5C4683E-6BE8-4671-B781-485D814E8184}"
EndProject
Global
	GlobalSection(SolutionConfigurationPlatforms) = preSolution
		Debug|Any CPU = Debug|Any CPU
		Release|Any CPU = Release|Any CPU
	EndGlobalSection
	GlobalSection(ProjectConfigurationPlatforms) = postSolution
		{3C478075-B407-42B5-8FBE-726210865729}.Debug|Any CPU.ActiveCfg = Debug|Any CPU
		{3C478075-B407-42B5-8FBE-726210865729}.Debug|Any CPU.Build.0 = Debug|Any CPU
		{3C478075-B407-42B5-8FBE-726210865729}.Release|Any CPU.ActiveCfg = Release|Any CPU
		{3C478075-B407-42B5-8FBE-726210865729}.Release|Any CPU.Build.0 = Release|Any CPU
		{D3825CC7-05BF-4EF9-9729-3EE3706E5037}.Debug|Any CPU.ActiveCfg = Debug|Any CPU
		{D3825CC7-05BF-4EF9-9729-3EE3706E5037}.Debug|Any CPU.Build.0 = Debug|Any CPU
		{D3825CC7-05BF-4EF9-9729-3EE3706E5037}.Release|Any CPU.ActiveCfg = Release|Any CPU
		{D3825CC7-05BF-4EF9-9729-3EE3706E5037}.Release|Any CPU.Build.0 = Release|Any CPU
		{C5C4683E-6BE8-4671-B781-485D814E8184}.Debug|Any CPU.ActiveCfg = Debug|Any CPU
		{C5C4683E-6BE8-4671-B781-485D814E8184}.Debug|Any CPU.Build.0 = Debug|Any CPU
		{C5C4683E-6BE8-4671-B781-485D814E8184}.Release|Any CPU.ActiveCfg = Release|Any CPU
		{C5C4683E-6BE8-4671-B781-485D814E8184}.Release|Any CPU.Build.0 = Release|Any CPU
	EndGlobalSection
	GlobalSection(SolutionProperties) = preSolution
		HideSolutionNode = FALSE
	EndGlobalSection
	GlobalSection(ExtensibilityGlobals) = postSolution
		SolutionGuid = {4391D8EF-9DCE-4135-B395-782E0D013639}
	EndGlobalSection
EndGlobal
