
Microsoft Visual Studio Solution File, Format Version 12.00
# Visual Studio Version 17
VisualStudioVersion = 17.0.31903.59
MinimumVisualStudioVersion = 10.0.40219.1
Project("{9A19103F-16F7-4668-BE54-9A1E7A4F7556}") = "Bkl.ESPS", "Bkl.ESPS\Bkl.ESPS.csproj", "{F16F6630-6516-4B85-9B3C-3C6FB68E50D7}"
EndProject
Project("{9A19103F-16F7-4668-BE54-9A1E7A4F7556}") = "Bkl.Models", "Bkl.Models\Bkl.Models.csproj", "{EBCAE292-400D-4490-8DE0-49EC4586A982}"
EndProject
Project("{9A19103F-16F7-4668-BE54-9A1E7A4F7556}") = "Bkl.Infrastructure", "Bkl.Infrastructure\Bkl.Infrastructure.csproj", "{96E167C1-A444-4DEF-B054-8BE93FB6F3B7}"
EndProject
Project("{9A19103F-16F7-4668-BE54-9A1E7A4F7556}") = "Bkl.Dst.Interfaces", "Bkl.Dst.Interfaces\Bkl.Dst.Interfaces.csproj", "{1C839D0B-39FF-45D6-A928-4D78DDFF1DCA}"
EndProject
Project("{9A19103F-16F7-4668-BE54-9A1E7A4F7556}") = "Bkl.Dst.Grains", "Bkl.Dst.Grains\Bkl.Dst.Grains.csproj", "{05920338-346F-4348-802F-0EACCF5CBABB}"
EndProject
Project("{2150E333-8FDC-42A3-9474-1A3956D46DE8}") = "Services", "Services", "{BBDBA537-F3E4-4A53-B0A6-EAB713A2F4FC}"
EndProject
Project("{2150E333-8FDC-42A3-9474-1A3956D46DE8}") = "Distributed", "Distributed", "{ED238322-F145-41C9-8E9C-3CED201DC56E}"
EndProject
Project("{2150E333-8FDC-42A3-9474-1A3956D46DE8}") = "Common", "Common", "{3794FEC6-36A9-4EF9-B659-4795FBA85166}"
EndProject
Project("{9A19103F-16F7-4668-BE54-9A1E7A4F7556}") = "Bkl.DstRealtime", "Bkl.DstRealtime\Bkl.DstRealtime.csproj", "{C0A35FF5-807A-4A52-A225-4CC96FC99F7A}"
EndProject
Project("{9A19103F-16F7-4668-BE54-9A1E7A4F7556}") = "Bkl.DstSilo5", "Bkl.DstSilo5\Bkl.DstSilo5.csproj", "{9E564F12-2539-4574-AB79-BD45E1D87C27}"
EndProject
Project("{D954291E-2A0B-460D-934E-DC6B0785DB48}") = "SiloClientShared", "SiloClientShared\SiloClientShared.shproj", "{C509F896-4B71-4800-92AD-4A4FC423370D}"
EndProject
Project("{9A19103F-16F7-4668-BE54-9A1E7A4F7556}") = "Yitter.IdGenerator", "Yitter.IdGenerator\Yitter.IdGenerator.csproj", "{8F0C792A-2915-40CC-AAC3-6F0D5D6EFC4C}"
EndProject
Project("{9A19103F-16F7-4668-BE54-9A1E7A4F7556}") = "TestProject2", "TestProject2\TestProject2.csproj", "{79C48554-8D83-4001-8CAB-C724CADC010F}"
EndProject
Project("{D954291E-2A0B-460D-934E-DC6B0785DB48}") = "BklAPIShare", "BklAPIShare\BklAPIShare.shproj", "{6CE40BAA-4197-425C-BFD2-E01BB48C5D7E}"
EndProject
Project("{2150E333-8FDC-42A3-9474-1A3956D46DE8}") = "解决方案项", "解决方案项", "{BB8F11F2-0E4B-4AEB-84EA-52C54E4E7B0B}"
	ProjectSection(SolutionItems) = preProject
		Dockerfile = Dockerfile
		Dockerfile2 = Dockerfile2
		DockerfileBklESPS = DockerfileBklESPS
		DockerfileBklInspection = DockerfileBklInspection
	EndProjectSection
EndProject
Project("{2150E333-8FDC-42A3-9474-1A3956D46DE8}") = "Publish", "Publish", "{6B97CD7D-3A66-4148-82C6-51ECFA87B4F8}"
EndProject
Project("{9A19103F-16F7-4668-BE54-9A1E7A4F7556}") = "Bkl.DGA", "Bkl.DGA\Bkl.DGA.csproj", "{FED007F4-6B45-47A1-986E-4538DEFEB99D}"
EndProject
Project("{2150E333-8FDC-42A3-9474-1A3956D46DE8}") = "tools", "tools", "{2591653F-AACF-4AFE-A2F5-7F4700CEE60F}"
EndProject
Project("{9A19103F-16F7-4668-BE54-9A1E7A4F7556}") = "Bkl.StreamServer", "bklstreamer\Bkl.StreamServer.csproj", "{4E41B714-311C-408C-A8AA-0130C7E2FFBD}"
EndProject
Project("{9A19103F-16F7-4668-BE54-9A1E7A4F7556}") = "Bkl.DGAStateSource", "Bkl.DGAStateSource\Bkl.DGAStateSource.csproj", "{16519B85-FF03-43EB-A0D2-1C333C6FC4B8}"
EndProject
Project("{9A19103F-16F7-4668-BE54-9A1E7A4F7556}") = "IEC61850.NET.core.2.0", "IEC61850.NET.core.2.0\IEC61850.NET.core.2.0.csproj", "{9AC5F75C-869A-473F-9C6C-C07FF3B25968}"
EndProject
Project("{FAE04EC0-301F-11D3-BF4B-00C04F79EFBC}") = "IEC61850.NET", "IEC61850forCSharp\IEC61850.NET.csproj", "{C35D624E-5506-4560-8074-1728F1FA1A4D}"
EndProject
Project("{FAE04EC0-301F-11D3-BF4B-00C04F79EFBC}") = "BklSourceWin7", "BklSourceWin7\BklSourceWin7.csproj", "{A56E0DC9-ACE7-43BE-BE6F-51D3F3DF5CEA}"
EndProject
Project("{9A19103F-16F7-4668-BE54-9A1E7A4F7556}") = "Bkl.DGAServiceLib", "Bkl.DGAServiceLib\Bkl.DGAServiceLib.csproj", "{319E0E81-9BF4-40FF-8698-3463EE9004F0}"
EndProject
Project("{9A19103F-16F7-4668-BE54-9A1E7A4F7556}") = "Bkl.GenericSinker", "Bkl.GenericSinker\Bkl.GenericSinker.csproj", "{E34CACB4-B368-4805-84C3-1C62E623CB43}"
EndProject
Project("{9A19103F-16F7-4668-BE54-9A1E7A4F7556}") = "Bkl.ModbusLib", "Bkl.ModbusLib\Bkl.ModbusLib.csproj", "{DE89E699-FC37-4ED1-A861-F0E454CD9B3F}"
EndProject
Global
	GlobalSection(SolutionConfigurationPlatforms) = preSolution
		Debug|Any CPU = Debug|Any CPU
		Debug|x86 = Debug|x86
		Release|Any CPU = Release|Any CPU
		Release|x86 = Release|x86
	EndGlobalSection
	GlobalSection(ProjectConfigurationPlatforms) = postSolution
		{F16F6630-6516-4B85-9B3C-3C6FB68E50D7}.Debug|Any CPU.ActiveCfg = Debug|Any CPU
		{F16F6630-6516-4B85-9B3C-3C6FB68E50D7}.Debug|Any CPU.Build.0 = Debug|Any CPU
		{F16F6630-6516-4B85-9B3C-3C6FB68E50D7}.Debug|x86.ActiveCfg = Debug|Any CPU
		{F16F6630-6516-4B85-9B3C-3C6FB68E50D7}.Debug|x86.Build.0 = Debug|Any CPU
		{F16F6630-6516-4B85-9B3C-3C6FB68E50D7}.Release|Any CPU.ActiveCfg = Release|Any CPU
		{F16F6630-6516-4B85-9B3C-3C6FB68E50D7}.Release|Any CPU.Build.0 = Release|Any CPU
		{F16F6630-6516-4B85-9B3C-3C6FB68E50D7}.Release|x86.ActiveCfg = Release|Any CPU
		{F16F6630-6516-4B85-9B3C-3C6FB68E50D7}.Release|x86.Build.0 = Release|Any CPU
		{EBCAE292-400D-4490-8DE0-49EC4586A982}.Debug|Any CPU.ActiveCfg = Debug|Any CPU
		{EBCAE292-400D-4490-8DE0-49EC4586A982}.Debug|Any CPU.Build.0 = Debug|Any CPU
		{EBCAE292-400D-4490-8DE0-49EC4586A982}.Debug|x86.ActiveCfg = Debug|Any CPU
		{EBCAE292-400D-4490-8DE0-49EC4586A982}.Debug|x86.Build.0 = Debug|Any CPU
		{EBCAE292-400D-4490-8DE0-49EC4586A982}.Release|Any CPU.ActiveCfg = Release|Any CPU
		{EBCAE292-400D-4490-8DE0-49EC4586A982}.Release|Any CPU.Build.0 = Release|Any CPU
		{EBCAE292-400D-4490-8DE0-49EC4586A982}.Release|x86.ActiveCfg = Release|Any CPU
		{EBCAE292-400D-4490-8DE0-49EC4586A982}.Release|x86.Build.0 = Release|Any CPU
		{96E167C1-A444-4DEF-B054-8BE93FB6F3B7}.Debug|Any CPU.ActiveCfg = Debug|Any CPU
		{96E167C1-A444-4DEF-B054-8BE93FB6F3B7}.Debug|Any CPU.Build.0 = Debug|Any CPU
		{96E167C1-A444-4DEF-B054-8BE93FB6F3B7}.Debug|x86.ActiveCfg = Debug|Any CPU
		{96E167C1-A444-4DEF-B054-8BE93FB6F3B7}.Debug|x86.Build.0 = Debug|Any CPU
		{96E167C1-A444-4DEF-B054-8BE93FB6F3B7}.Release|Any CPU.ActiveCfg = Release|Any CPU
		{96E167C1-A444-4DEF-B054-8BE93FB6F3B7}.Release|Any CPU.Build.0 = Release|Any CPU
		{96E167C1-A444-4DEF-B054-8BE93FB6F3B7}.Release|x86.ActiveCfg = Release|Any CPU
		{96E167C1-A444-4DEF-B054-8BE93FB6F3B7}.Release|x86.Build.0 = Release|Any CPU
		{1C839D0B-39FF-45D6-A928-4D78DDFF1DCA}.Debug|Any CPU.ActiveCfg = Debug|Any CPU
		{1C839D0B-39FF-45D6-A928-4D78DDFF1DCA}.Debug|Any CPU.Build.0 = Debug|Any CPU
		{1C839D0B-39FF-45D6-A928-4D78DDFF1DCA}.Debug|x86.ActiveCfg = Debug|Any CPU
		{1C839D0B-39FF-45D6-A928-4D78DDFF1DCA}.Debug|x86.Build.0 = Debug|Any CPU
		{1C839D0B-39FF-45D6-A928-4D78DDFF1DCA}.Release|Any CPU.ActiveCfg = Release|Any CPU
		{1C839D0B-39FF-45D6-A928-4D78DDFF1DCA}.Release|Any CPU.Build.0 = Release|Any CPU
		{1C839D0B-39FF-45D6-A928-4D78DDFF1DCA}.Release|x86.ActiveCfg = Release|Any CPU
		{1C839D0B-39FF-45D6-A928-4D78DDFF1DCA}.Release|x86.Build.0 = Release|Any CPU
		{05920338-346F-4348-802F-0EACCF5CBABB}.Debug|Any CPU.ActiveCfg = Debug|Any CPU
		{05920338-346F-4348-802F-0EACCF5CBABB}.Debug|Any CPU.Build.0 = Debug|Any CPU
		{05920338-346F-4348-802F-0EACCF5CBABB}.Debug|x86.ActiveCfg = Debug|Any CPU
		{05920338-346F-4348-802F-0EACCF5CBABB}.Debug|x86.Build.0 = Debug|Any CPU
		{05920338-346F-4348-802F-0EACCF5CBABB}.Release|Any CPU.ActiveCfg = Release|Any CPU
		{05920338-346F-4348-802F-0EACCF5CBABB}.Release|Any CPU.Build.0 = Release|Any CPU
		{05920338-346F-4348-802F-0EACCF5CBABB}.Release|x86.ActiveCfg = Release|Any CPU
		{05920338-346F-4348-802F-0EACCF5CBABB}.Release|x86.Build.0 = Release|Any CPU
		{C0A35FF5-807A-4A52-A225-4CC96FC99F7A}.Debug|Any CPU.ActiveCfg = Debug|Any CPU
		{C0A35FF5-807A-4A52-A225-4CC96FC99F7A}.Debug|x86.ActiveCfg = Debug|Any CPU
		{C0A35FF5-807A-4A52-A225-4CC96FC99F7A}.Debug|x86.Build.0 = Debug|Any CPU
		{C0A35FF5-807A-4A52-A225-4CC96FC99F7A}.Release|Any CPU.ActiveCfg = Release|Any CPU
		{C0A35FF5-807A-4A52-A225-4CC96FC99F7A}.Release|Any CPU.Build.0 = Release|Any CPU
		{C0A35FF5-807A-4A52-A225-4CC96FC99F7A}.Release|x86.ActiveCfg = Release|Any CPU
		{C0A35FF5-807A-4A52-A225-4CC96FC99F7A}.Release|x86.Build.0 = Release|Any CPU
		{9E564F12-2539-4574-AB79-BD45E1D87C27}.Debug|Any CPU.ActiveCfg = Debug|Any CPU
		{9E564F12-2539-4574-AB79-BD45E1D87C27}.Debug|Any CPU.Build.0 = Debug|Any CPU
		{9E564F12-2539-4574-AB79-BD45E1D87C27}.Debug|x86.ActiveCfg = Debug|Any CPU
		{9E564F12-2539-4574-AB79-BD45E1D87C27}.Debug|x86.Build.0 = Debug|Any CPU
		{9E564F12-2539-4574-AB79-BD45E1D87C27}.Release|Any CPU.ActiveCfg = Release|Any CPU
		{9E564F12-2539-4574-AB79-BD45E1D87C27}.Release|Any CPU.Build.0 = Release|Any CPU
		{9E564F12-2539-4574-AB79-BD45E1D87C27}.Release|x86.ActiveCfg = Release|Any CPU
		{9E564F12-2539-4574-AB79-BD45E1D87C27}.Release|x86.Build.0 = Release|Any CPU
		{8F0C792A-2915-40CC-AAC3-6F0D5D6EFC4C}.Debug|Any CPU.ActiveCfg = Debug|Any CPU
		{8F0C792A-2915-40CC-AAC3-6F0D5D6EFC4C}.Debug|Any CPU.Build.0 = Debug|Any CPU
		{8F0C792A-2915-40CC-AAC3-6F0D5D6EFC4C}.Debug|x86.ActiveCfg = Debug|Any CPU
		{8F0C792A-2915-40CC-AAC3-6F0D5D6EFC4C}.Debug|x86.Build.0 = Debug|Any CPU
		{8F0C792A-2915-40CC-AAC3-6F0D5D6EFC4C}.Release|Any CPU.ActiveCfg = Release|Any CPU
		{8F0C792A-2915-40CC-AAC3-6F0D5D6EFC4C}.Release|Any CPU.Build.0 = Release|Any CPU
		{8F0C792A-2915-40CC-AAC3-6F0D5D6EFC4C}.Release|x86.ActiveCfg = Release|Any CPU
		{8F0C792A-2915-40CC-AAC3-6F0D5D6EFC4C}.Release|x86.Build.0 = Release|Any CPU
		{79C48554-8D83-4001-8CAB-C724CADC010F}.Debug|Any CPU.ActiveCfg = Debug|Any CPU
		{79C48554-8D83-4001-8CAB-C724CADC010F}.Debug|Any CPU.Build.0 = Debug|Any CPU
		{79C48554-8D83-4001-8CAB-C724CADC010F}.Debug|x86.ActiveCfg = Debug|Any CPU
		{79C48554-8D83-4001-8CAB-C724CADC010F}.Debug|x86.Build.0 = Debug|Any CPU
		{79C48554-8D83-4001-8CAB-C724CADC010F}.Release|Any CPU.ActiveCfg = Release|Any CPU
		{79C48554-8D83-4001-8CAB-C724CADC010F}.Release|Any CPU.Build.0 = Release|Any CPU
		{79C48554-8D83-4001-8CAB-C724CADC010F}.Release|x86.ActiveCfg = Release|Any CPU
		{79C48554-8D83-4001-8CAB-C724CADC010F}.Release|x86.Build.0 = Release|Any CPU
		{FED007F4-6B45-47A1-986E-4538DEFEB99D}.Debug|Any CPU.ActiveCfg = Debug|Any CPU
		{FED007F4-6B45-47A1-986E-4538DEFEB99D}.Debug|Any CPU.Build.0 = Debug|Any CPU
		{FED007F4-6B45-47A1-986E-4538DEFEB99D}.Debug|x86.ActiveCfg = Debug|Any CPU
		{FED007F4-6B45-47A1-986E-4538DEFEB99D}.Debug|x86.Build.0 = Debug|Any CPU
		{FED007F4-6B45-47A1-986E-4538DEFEB99D}.Release|Any CPU.ActiveCfg = Release|Any CPU
		{FED007F4-6B45-47A1-986E-4538DEFEB99D}.Release|Any CPU.Build.0 = Release|Any CPU
		{FED007F4-6B45-47A1-986E-4538DEFEB99D}.Release|x86.ActiveCfg = Release|Any CPU
		{FED007F4-6B45-47A1-986E-4538DEFEB99D}.Release|x86.Build.0 = Release|Any CPU
		{4E41B714-311C-408C-A8AA-0130C7E2FFBD}.Debug|Any CPU.ActiveCfg = Debug|Any CPU
		{4E41B714-311C-408C-A8AA-0130C7E2FFBD}.Debug|Any CPU.Build.0 = Debug|Any CPU
		{4E41B714-311C-408C-A8AA-0130C7E2FFBD}.Debug|x86.ActiveCfg = Debug|Any CPU
		{4E41B714-311C-408C-A8AA-0130C7E2FFBD}.Debug|x86.Build.0 = Debug|Any CPU
		{4E41B714-311C-408C-A8AA-0130C7E2FFBD}.Release|Any CPU.ActiveCfg = Release|Any CPU
		{4E41B714-311C-408C-A8AA-0130C7E2FFBD}.Release|Any CPU.Build.0 = Release|Any CPU
		{4E41B714-311C-408C-A8AA-0130C7E2FFBD}.Release|x86.ActiveCfg = Release|Any CPU
		{4E41B714-311C-408C-A8AA-0130C7E2FFBD}.Release|x86.Build.0 = Release|Any CPU
		{16519B85-FF03-43EB-A0D2-1C333C6FC4B8}.Debug|Any CPU.ActiveCfg = Debug|Any CPU
		{16519B85-FF03-43EB-A0D2-1C333C6FC4B8}.Debug|Any CPU.Build.0 = Debug|Any CPU
		{16519B85-FF03-43EB-A0D2-1C333C6FC4B8}.Debug|x86.ActiveCfg = Debug|Any CPU
		{16519B85-FF03-43EB-A0D2-1C333C6FC4B8}.Debug|x86.Build.0 = Debug|Any CPU
		{16519B85-FF03-43EB-A0D2-1C333C6FC4B8}.Release|Any CPU.ActiveCfg = Release|Any CPU
		{16519B85-FF03-43EB-A0D2-1C333C6FC4B8}.Release|Any CPU.Build.0 = Release|Any CPU
		{16519B85-FF03-43EB-A0D2-1C333C6FC4B8}.Release|x86.ActiveCfg = Release|Any CPU
		{16519B85-FF03-43EB-A0D2-1C333C6FC4B8}.Release|x86.Build.0 = Release|Any CPU
		{9AC5F75C-869A-473F-9C6C-C07FF3B25968}.Debug|Any CPU.ActiveCfg = Debug|Any CPU
		{9AC5F75C-869A-473F-9C6C-C07FF3B25968}.Debug|Any CPU.Build.0 = Debug|Any CPU
		{9AC5F75C-869A-473F-9C6C-C07FF3B25968}.Debug|x86.ActiveCfg = Debug|x86
		{9AC5F75C-869A-473F-9C6C-C07FF3B25968}.Debug|x86.Build.0 = Debug|x86
		{9AC5F75C-869A-473F-9C6C-C07FF3B25968}.Release|Any CPU.ActiveCfg = Release|Any CPU
		{9AC5F75C-869A-473F-9C6C-C07FF3B25968}.Release|Any CPU.Build.0 = Release|Any CPU
		{9AC5F75C-869A-473F-9C6C-C07FF3B25968}.Release|x86.ActiveCfg = Release|x86
		{9AC5F75C-869A-473F-9C6C-C07FF3B25968}.Release|x86.Build.0 = Release|x86
		{C35D624E-5506-4560-8074-1728F1FA1A4D}.Debug|Any CPU.ActiveCfg = Debug|Any CPU
		{C35D624E-5506-4560-8074-1728F1FA1A4D}.Debug|Any CPU.Build.0 = Debug|Any CPU
		{C35D624E-5506-4560-8074-1728F1FA1A4D}.Debug|x86.ActiveCfg = Debug|x86
		{C35D624E-5506-4560-8074-1728F1FA1A4D}.Debug|x86.Build.0 = Debug|x86
		{C35D624E-5506-4560-8074-1728F1FA1A4D}.Release|Any CPU.ActiveCfg = Release|Any CPU
		{C35D624E-5506-4560-8074-1728F1FA1A4D}.Release|Any CPU.Build.0 = Release|Any CPU
		{C35D624E-5506-4560-8074-1728F1FA1A4D}.Release|x86.ActiveCfg = Release|x86
		{C35D624E-5506-4560-8074-1728F1FA1A4D}.Release|x86.Build.0 = Release|x86
		{A56E0DC9-ACE7-43BE-BE6F-51D3F3DF5CEA}.Debug|Any CPU.ActiveCfg = Debug|Any CPU
		{A56E0DC9-ACE7-43BE-BE6F-51D3F3DF5CEA}.Debug|Any CPU.Build.0 = Debug|Any CPU
		{A56E0DC9-ACE7-43BE-BE6F-51D3F3DF5CEA}.Debug|x86.ActiveCfg = Debug|Any CPU
		{A56E0DC9-ACE7-43BE-BE6F-51D3F3DF5CEA}.Debug|x86.Build.0 = Debug|Any CPU
		{A56E0DC9-ACE7-43BE-BE6F-51D3F3DF5CEA}.Release|Any CPU.ActiveCfg = Release|Any CPU
		{A56E0DC9-ACE7-43BE-BE6F-51D3F3DF5CEA}.Release|Any CPU.Build.0 = Release|Any CPU
		{A56E0DC9-ACE7-43BE-BE6F-51D3F3DF5CEA}.Release|x86.ActiveCfg = Release|Any CPU
		{A56E0DC9-ACE7-43BE-BE6F-51D3F3DF5CEA}.Release|x86.Build.0 = Release|Any CPU
		{319E0E81-9BF4-40FF-8698-3463EE9004F0}.Debug|Any CPU.ActiveCfg = Debug|Any CPU
		{319E0E81-9BF4-40FF-8698-3463EE9004F0}.Debug|Any CPU.Build.0 = Debug|Any CPU
		{319E0E81-9BF4-40FF-8698-3463EE9004F0}.Debug|x86.ActiveCfg = Debug|Any CPU
		{319E0E81-9BF4-40FF-8698-3463EE9004F0}.Debug|x86.Build.0 = Debug|Any CPU
		{319E0E81-9BF4-40FF-8698-3463EE9004F0}.Release|Any CPU.ActiveCfg = Release|Any CPU
		{319E0E81-9BF4-40FF-8698-3463EE9004F0}.Release|Any CPU.Build.0 = Release|Any CPU
		{319E0E81-9BF4-40FF-8698-3463EE9004F0}.Release|x86.ActiveCfg = Release|Any CPU
		{319E0E81-9BF4-40FF-8698-3463EE9004F0}.Release|x86.Build.0 = Release|Any CPU
		{E34CACB4-B368-4805-84C3-1C62E623CB43}.Debug|Any CPU.ActiveCfg = Debug|Any CPU
		{E34CACB4-B368-4805-84C3-1C62E623CB43}.Debug|Any CPU.Build.0 = Debug|Any CPU
		{E34CACB4-B368-4805-84C3-1C62E623CB43}.Debug|x86.ActiveCfg = Debug|Any CPU
		{E34CACB4-B368-4805-84C3-1C62E623CB43}.Debug|x86.Build.0 = Debug|Any CPU
		{E34CACB4-B368-4805-84C3-1C62E623CB43}.Release|Any CPU.ActiveCfg = Release|Any CPU
		{E34CACB4-B368-4805-84C3-1C62E623CB43}.Release|Any CPU.Build.0 = Release|Any CPU
		{E34CACB4-B368-4805-84C3-1C62E623CB43}.Release|x86.ActiveCfg = Release|Any CPU
		{E34CACB4-B368-4805-84C3-1C62E623CB43}.Release|x86.Build.0 = Release|Any CPU
		{DE89E699-FC37-4ED1-A861-F0E454CD9B3F}.Debug|Any CPU.ActiveCfg = Debug|Any CPU
		{DE89E699-FC37-4ED1-A861-F0E454CD9B3F}.Debug|Any CPU.Build.0 = Debug|Any CPU
		{DE89E699-FC37-4ED1-A861-F0E454CD9B3F}.Debug|x86.ActiveCfg = Debug|Any CPU
		{DE89E699-FC37-4ED1-A861-F0E454CD9B3F}.Debug|x86.Build.0 = Debug|Any CPU
		{DE89E699-FC37-4ED1-A861-F0E454CD9B3F}.Release|Any CPU.ActiveCfg = Release|Any CPU
		{DE89E699-FC37-4ED1-A861-F0E454CD9B3F}.Release|Any CPU.Build.0 = Release|Any CPU
		{DE89E699-FC37-4ED1-A861-F0E454CD9B3F}.Release|x86.ActiveCfg = Release|Any CPU
		{DE89E699-FC37-4ED1-A861-F0E454CD9B3F}.Release|x86.Build.0 = Release|Any CPU
	EndGlobalSection
	GlobalSection(SolutionProperties) = preSolution
		HideSolutionNode = FALSE
	EndGlobalSection
	GlobalSection(NestedProjects) = preSolution
		{F16F6630-6516-4B85-9B3C-3C6FB68E50D7} = {BBDBA537-F3E4-4A53-B0A6-EAB713A2F4FC}
		{EBCAE292-400D-4490-8DE0-49EC4586A982} = {3794FEC6-36A9-4EF9-B659-4795FBA85166}
		{96E167C1-A444-4DEF-B054-8BE93FB6F3B7} = {3794FEC6-36A9-4EF9-B659-4795FBA85166}
		{1C839D0B-39FF-45D6-A928-4D78DDFF1DCA} = {ED238322-F145-41C9-8E9C-3CED201DC56E}
		{05920338-346F-4348-802F-0EACCF5CBABB} = {ED238322-F145-41C9-8E9C-3CED201DC56E}
		{C0A35FF5-807A-4A52-A225-4CC96FC99F7A} = {6B97CD7D-3A66-4148-82C6-51ECFA87B4F8}
		{9E564F12-2539-4574-AB79-BD45E1D87C27} = {6B97CD7D-3A66-4148-82C6-51ECFA87B4F8}
		{C509F896-4B71-4800-92AD-4A4FC423370D} = {ED238322-F145-41C9-8E9C-3CED201DC56E}
		{8F0C792A-2915-40CC-AAC3-6F0D5D6EFC4C} = {3794FEC6-36A9-4EF9-B659-4795FBA85166}
		{6CE40BAA-4197-425C-BFD2-E01BB48C5D7E} = {2591653F-AACF-4AFE-A2F5-7F4700CEE60F}
		{FED007F4-6B45-47A1-986E-4538DEFEB99D} = {BBDBA537-F3E4-4A53-B0A6-EAB713A2F4FC}
		{4E41B714-311C-408C-A8AA-0130C7E2FFBD} = {BBDBA537-F3E4-4A53-B0A6-EAB713A2F4FC}
		{16519B85-FF03-43EB-A0D2-1C333C6FC4B8} = {BBDBA537-F3E4-4A53-B0A6-EAB713A2F4FC}
		{A56E0DC9-ACE7-43BE-BE6F-51D3F3DF5CEA} = {BBDBA537-F3E4-4A53-B0A6-EAB713A2F4FC}
		{319E0E81-9BF4-40FF-8698-3463EE9004F0} = {BBDBA537-F3E4-4A53-B0A6-EAB713A2F4FC}
		{E34CACB4-B368-4805-84C3-1C62E623CB43} = {BBDBA537-F3E4-4A53-B0A6-EAB713A2F4FC}
		{DE89E699-FC37-4ED1-A861-F0E454CD9B3F} = {BBDBA537-F3E4-4A53-B0A6-EAB713A2F4FC}
	EndGlobalSection
	GlobalSection(ExtensibilityGlobals) = postSolution
		SolutionGuid = {5675ADBE-4230-426B-ACE6-229975BDCEBB}
	EndGlobalSection
	GlobalSection(SharedMSBuildProjectFiles) = preSolution
		BklAPIShare\BklAPIShare.projitems*{6ce40baa-4197-425c-bfd2-e01bb48c5d7e}*SharedItemsImports = 13
		SiloClientShared\SiloClientShared.projitems*{c0a35ff5-807a-4a52-a225-4cc96fc99f7a}*SharedItemsImports = 5
		SiloClientShared\SiloClientShared.projitems*{c509f896-4b71-4800-92ad-4a4fc423370d}*SharedItemsImports = 13
		BklAPIShare\BklAPIShare.projitems*{f16f6630-6516-4b85-9b3c-3c6fb68e50d7}*SharedItemsImports = 5
		SiloClientShared\SiloClientShared.projitems*{f16f6630-6516-4b85-9b3c-3c6fb68e50d7}*SharedItemsImports = 5
		SiloClientShared\SiloClientShared.projitems*{fed007f4-6b45-47a1-986e-4538defeb99d}*SharedItemsImports = 5
	EndGlobalSection
EndGlobal
