
Microsoft Visual Studio Solution File, Format Version 12.00
# Visual Studio Version 17
VisualStudioVersion = 17.0.31903.59
MinimumVisualStudioVersion = 10.0.40219.1
Project("{9A19103F-16F7-4668-BE54-9A1E7A4F7556}") = "Bkl.ESPS", "Bkl.ESPS\Bkl.ESPS.csproj", "{F16F6630-6516-4B85-9B3C-3C6FB68E50D7}"
EndProject
Project("{9A19103F-16F7-4668-BE54-9A1E7A4F7556}") = "Bkl.Models", "Bkl.Models\Bkl.Models.csproj", "{EBCAE292-400D-4490-8DE0-49EC4586A982}"
EndProject
Project("{9A19103F-16F7-4668-BE54-9A1E7A4F7556}") = "Blk.DataCollector", "Blk.DataCollector\Blk.DataCollector.csproj", "{59D33F54-43A3-471A-8809-85F6525BFDAC}"
EndProject
Project("{9A19103F-16F7-4668-BE54-9A1E7A4F7556}") = "Bkl.ThermalDataCollector", "Bkl.ThermalDataCollector\Bkl.ThermalDataCollector.csproj", "{90751C4E-371F-4CCA-954C-87ED2AA44553}"
EndProject
Project("{9A19103F-16F7-4668-BE54-9A1E7A4F7556}") = "Bkl.DataAnalysis", "Bkl.DataAnalysis\Bkl.DataAnalysis.csproj", "{66D2A2BF-91BC-4E20-B209-5DD7FB3ADA4D}"
EndProject
Project("{9A19103F-16F7-4668-BE54-9A1E7A4F7556}") = "Bkl.Infrastructure", "Bkl.Infrastructure\Bkl.Infrastructure.csproj", "{96E167C1-A444-4DEF-B054-8BE93FB6F3B7}"
EndProject
Project("{9A19103F-16F7-4668-BE54-9A1E7A4F7556}") = "DaprDemo", "DaprDemo\DaprDemo.csproj", "{A620524F-88A9-4424-99D0-A900E60051E7}"
EndProject
Project("{9A19103F-16F7-4668-BE54-9A1E7A4F7556}") = "TestProject1", "TestProject1\TestProject1.csproj", "{9A315F0B-27D9-4C91-8303-2B851E80929F}"
EndProject
Project("{9A19103F-16F7-4668-BE54-9A1E7A4F7556}") = "Bkl.RealTime", "Bkl.RealTime\Bkl.RealTime.csproj", "{D422CC92-3653-4A19-A56A-33464C26471F}"
EndProject
Project("{9A19103F-16F7-4668-BE54-9A1E7A4F7556}") = "Bkl.DstClient", "Bkl.DstClient\Bkl.DstClient.csproj", "{DF273151-4DE3-4201-920C-29C7D581CF2A}"
EndProject
Project("{9A19103F-16F7-4668-BE54-9A1E7A4F7556}") = "Bkl.DstSilo", "Bkl.DstSilo\Bkl.DstSilo.csproj", "{40992F80-D385-4319-A4B5-71AAEA5341AD}"
EndProject
Project("{9A19103F-16F7-4668-BE54-9A1E7A4F7556}") = "Bkl.Dst.Interfaces", "Bkl.Dst.Interfaces\Bkl.Dst.Interfaces.csproj", "{1C839D0B-39FF-45D6-A928-4D78DDFF1DCA}"
EndProject
Project("{9A19103F-16F7-4668-BE54-9A1E7A4F7556}") = "Bkl.Dst.Grains", "Bkl.Dst.Grains\Bkl.Dst.Grains.csproj", "{05920338-346F-4348-802F-0EACCF5CBABB}"
EndProject
Project("{2150E333-8FDC-42A3-9474-1A3956D46DE8}") = "Services", "Services", "{BBDBA537-F3E4-4A53-B0A6-EAB713A2F4FC}"
EndProject
Project("{2150E333-8FDC-42A3-9474-1A3956D46DE8}") = "Distributed", "Distributed", "{ED238322-F145-41C9-8E9C-3CED201DC56E}"
EndProject
Project("{2150E333-8FDC-42A3-9474-1A3956D46DE8}") = "Common", "Common", "{3794FEC6-36A9-4EF9-B659-4795FBA85166}"
EndProject
Project("{9A19103F-16F7-4668-BE54-9A1E7A4F7556}") = "Bkl.ThermalSDK", "Bkl.ThermalSDK\Bkl.ThermalSDK.csproj", "{34BE2038-1259-4A12-B124-BF8D1A7BA9CF}"
EndProject
Project("{9A19103F-16F7-4668-BE54-9A1E7A4F7556}") = "Bkl.DstRealtime", "Bkl.DstRealtime\Bkl.DstRealtime.csproj", "{C0A35FF5-807A-4A52-A225-4CC96FC99F7A}"
EndProject
Project("{9A19103F-16F7-4668-BE54-9A1E7A4F7556}") = "Bkl.DstSilo5", "Bkl.DstSilo5\Bkl.DstSilo5.csproj", "{9E564F12-2539-4574-AB79-BD45E1D87C27}"
EndProject
Project("{2150E333-8FDC-42A3-9474-1A3956D46DE8}") = "signalr", "signalr", "{83CD6730-7E46-4DF8-828E-7B242EAD68DA}"
EndProject
Project("{D954291E-2A0B-460D-934E-DC6B0785DB48}") = "SiloClientShared", "SiloClientShared\SiloClientShared.shproj", "{C509F896-4B71-4800-92AD-4A4FC423370D}"
EndProject
Project("{2150E333-8FDC-42A3-9474-1A3956D46DE8}") = "demo", "demo", "{A4E25BD9-0A7E-43DC-896B-3D118A393207}"
EndProject
Project("{2150E333-8FDC-42A3-9474-1A3956D46DE8}") = "common", "common", "{7EE83184-36E1-4EB2-9BAE-79437E58F08B}"
EndProject
Global
	GlobalSection(SharedMSBuildProjectFiles) = preSolution
		SiloClientShared\SiloClientShared.projitems*{c0a35ff5-807a-4a52-a225-4cc96fc99f7a}*SharedItemsImports = 5
		SiloClientShared\SiloClientShared.projitems*{c509f896-4b71-4800-92ad-4a4fc423370d}*SharedItemsImports = 13
		SiloClientShared\SiloClientShared.projitems*{f16f6630-6516-4b85-9b3c-3c6fb68e50d7}*SharedItemsImports = 5
	EndGlobalSection
	GlobalSection(SolutionConfigurationPlatforms) = preSolution
		Debug|Any CPU = Debug|Any CPU
		Release|Any CPU = Release|Any CPU
	EndGlobalSection
	GlobalSection(ProjectConfigurationPlatforms) = postSolution
		{F16F6630-6516-4B85-9B3C-3C6FB68E50D7}.Debug|Any CPU.ActiveCfg = Debug|Any CPU
		{F16F6630-6516-4B85-9B3C-3C6FB68E50D7}.Debug|Any CPU.Build.0 = Debug|Any CPU
		{F16F6630-6516-4B85-9B3C-3C6FB68E50D7}.Release|Any CPU.ActiveCfg = Release|Any CPU
		{F16F6630-6516-4B85-9B3C-3C6FB68E50D7}.Release|Any CPU.Build.0 = Release|Any CPU
		{EBCAE292-400D-4490-8DE0-49EC4586A982}.Debug|Any CPU.ActiveCfg = Debug|Any CPU
		{EBCAE292-400D-4490-8DE0-49EC4586A982}.Debug|Any CPU.Build.0 = Debug|Any CPU
		{EBCAE292-400D-4490-8DE0-49EC4586A982}.Release|Any CPU.ActiveCfg = Release|Any CPU
		{EBCAE292-400D-4490-8DE0-49EC4586A982}.Release|Any CPU.Build.0 = Release|Any CPU
		{59D33F54-43A3-471A-8809-85F6525BFDAC}.Debug|Any CPU.ActiveCfg = Debug|Any CPU
		{59D33F54-43A3-471A-8809-85F6525BFDAC}.Debug|Any CPU.Build.0 = Debug|Any CPU
		{59D33F54-43A3-471A-8809-85F6525BFDAC}.Release|Any CPU.ActiveCfg = Release|Any CPU
		{59D33F54-43A3-471A-8809-85F6525BFDAC}.Release|Any CPU.Build.0 = Release|Any CPU
		{90751C4E-371F-4CCA-954C-87ED2AA44553}.Debug|Any CPU.ActiveCfg = Debug|Any CPU
		{90751C4E-371F-4CCA-954C-87ED2AA44553}.Debug|Any CPU.Build.0 = Debug|Any CPU
		{90751C4E-371F-4CCA-954C-87ED2AA44553}.Release|Any CPU.ActiveCfg = Release|Any CPU
		{90751C4E-371F-4CCA-954C-87ED2AA44553}.Release|Any CPU.Build.0 = Release|Any CPU
		{66D2A2BF-91BC-4E20-B209-5DD7FB3ADA4D}.Debug|Any CPU.ActiveCfg = Debug|Any CPU
		{66D2A2BF-91BC-4E20-B209-5DD7FB3ADA4D}.Debug|Any CPU.Build.0 = Debug|Any CPU
		{66D2A2BF-91BC-4E20-B209-5DD7FB3ADA4D}.Release|Any CPU.ActiveCfg = Release|Any CPU
		{66D2A2BF-91BC-4E20-B209-5DD7FB3ADA4D}.Release|Any CPU.Build.0 = Release|Any CPU
		{96E167C1-A444-4DEF-B054-8BE93FB6F3B7}.Debug|Any CPU.ActiveCfg = Debug|Any CPU
		{96E167C1-A444-4DEF-B054-8BE93FB6F3B7}.Debug|Any CPU.Build.0 = Debug|Any CPU
		{96E167C1-A444-4DEF-B054-8BE93FB6F3B7}.Release|Any CPU.ActiveCfg = Release|Any CPU
		{96E167C1-A444-4DEF-B054-8BE93FB6F3B7}.Release|Any CPU.Build.0 = Release|Any CPU
		{A620524F-88A9-4424-99D0-A900E60051E7}.Debug|Any CPU.ActiveCfg = Debug|Any CPU
		{A620524F-88A9-4424-99D0-A900E60051E7}.Debug|Any CPU.Build.0 = Debug|Any CPU
		{A620524F-88A9-4424-99D0-A900E60051E7}.Release|Any CPU.ActiveCfg = Release|Any CPU
		{A620524F-88A9-4424-99D0-A900E60051E7}.Release|Any CPU.Build.0 = Release|Any CPU
		{9A315F0B-27D9-4C91-8303-2B851E80929F}.Debug|Any CPU.ActiveCfg = Debug|Any CPU
		{9A315F0B-27D9-4C91-8303-2B851E80929F}.Debug|Any CPU.Build.0 = Debug|Any CPU
		{9A315F0B-27D9-4C91-8303-2B851E80929F}.Release|Any CPU.ActiveCfg = Release|Any CPU
		{9A315F0B-27D9-4C91-8303-2B851E80929F}.Release|Any CPU.Build.0 = Release|Any CPU
		{D422CC92-3653-4A19-A56A-33464C26471F}.Debug|Any CPU.ActiveCfg = Debug|Any CPU
		{D422CC92-3653-4A19-A56A-33464C26471F}.Debug|Any CPU.Build.0 = Debug|Any CPU
		{D422CC92-3653-4A19-A56A-33464C26471F}.Release|Any CPU.ActiveCfg = Release|Any CPU
		{D422CC92-3653-4A19-A56A-33464C26471F}.Release|Any CPU.Build.0 = Release|Any CPU
		{DF273151-4DE3-4201-920C-29C7D581CF2A}.Debug|Any CPU.ActiveCfg = Debug|Any CPU
		{DF273151-4DE3-4201-920C-29C7D581CF2A}.Debug|Any CPU.Build.0 = Debug|Any CPU
		{DF273151-4DE3-4201-920C-29C7D581CF2A}.Release|Any CPU.ActiveCfg = Release|Any CPU
		{DF273151-4DE3-4201-920C-29C7D581CF2A}.Release|Any CPU.Build.0 = Release|Any CPU
		{40992F80-D385-4319-A4B5-71AAEA5341AD}.Debug|Any CPU.ActiveCfg = Debug|Any CPU
		{40992F80-D385-4319-A4B5-71AAEA5341AD}.Debug|Any CPU.Build.0 = Debug|Any CPU
		{40992F80-D385-4319-A4B5-71AAEA5341AD}.Release|Any CPU.ActiveCfg = Release|Any CPU
		{40992F80-D385-4319-A4B5-71AAEA5341AD}.Release|Any CPU.Build.0 = Release|Any CPU
		{1C839D0B-39FF-45D6-A928-4D78DDFF1DCA}.Debug|Any CPU.ActiveCfg = Debug|Any CPU
		{1C839D0B-39FF-45D6-A928-4D78DDFF1DCA}.Debug|Any CPU.Build.0 = Debug|Any CPU
		{1C839D0B-39FF-45D6-A928-4D78DDFF1DCA}.Release|Any CPU.ActiveCfg = Release|Any CPU
		{1C839D0B-39FF-45D6-A928-4D78DDFF1DCA}.Release|Any CPU.Build.0 = Release|Any CPU
		{05920338-346F-4348-802F-0EACCF5CBABB}.Debug|Any CPU.ActiveCfg = Debug|Any CPU
		{05920338-346F-4348-802F-0EACCF5CBABB}.Debug|Any CPU.Build.0 = Debug|Any CPU
		{05920338-346F-4348-802F-0EACCF5CBABB}.Release|Any CPU.ActiveCfg = Release|Any CPU
		{05920338-346F-4348-802F-0EACCF5CBABB}.Release|Any CPU.Build.0 = Release|Any CPU
		{34BE2038-1259-4A12-B124-BF8D1A7BA9CF}.Debug|Any CPU.ActiveCfg = Debug|Any CPU
		{34BE2038-1259-4A12-B124-BF8D1A7BA9CF}.Debug|Any CPU.Build.0 = Debug|Any CPU
		{34BE2038-1259-4A12-B124-BF8D1A7BA9CF}.Release|Any CPU.ActiveCfg = Release|Any CPU
		{34BE2038-1259-4A12-B124-BF8D1A7BA9CF}.Release|Any CPU.Build.0 = Release|Any CPU
		{C0A35FF5-807A-4A52-A225-4CC96FC99F7A}.Debug|Any CPU.ActiveCfg = Debug|Any CPU
		{C0A35FF5-807A-4A52-A225-4CC96FC99F7A}.Debug|Any CPU.Build.0 = Debug|Any CPU
		{C0A35FF5-807A-4A52-A225-4CC96FC99F7A}.Release|Any CPU.ActiveCfg = Release|Any CPU
		{C0A35FF5-807A-4A52-A225-4CC96FC99F7A}.Release|Any CPU.Build.0 = Release|Any CPU
		{9E564F12-2539-4574-AB79-BD45E1D87C27}.Debug|Any CPU.ActiveCfg = Debug|Any CPU
		{9E564F12-2539-4574-AB79-BD45E1D87C27}.Debug|Any CPU.Build.0 = Debug|Any CPU
		{9E564F12-2539-4574-AB79-BD45E1D87C27}.Release|Any CPU.ActiveCfg = Release|Any CPU
		{9E564F12-2539-4574-AB79-BD45E1D87C27}.Release|Any CPU.Build.0 = Release|Any CPU
	EndGlobalSection
	GlobalSection(SolutionProperties) = preSolution
		HideSolutionNode = FALSE
	EndGlobalSection
	GlobalSection(NestedProjects) = preSolution
		{F16F6630-6516-4B85-9B3C-3C6FB68E50D7} = {BBDBA537-F3E4-4A53-B0A6-EAB713A2F4FC}
		{EBCAE292-400D-4490-8DE0-49EC4586A982} = {3794FEC6-36A9-4EF9-B659-4795FBA85166}
		{59D33F54-43A3-471A-8809-85F6525BFDAC} = {BBDBA537-F3E4-4A53-B0A6-EAB713A2F4FC}
		{90751C4E-371F-4CCA-954C-87ED2AA44553} = {BBDBA537-F3E4-4A53-B0A6-EAB713A2F4FC}
		{66D2A2BF-91BC-4E20-B209-5DD7FB3ADA4D} = {BBDBA537-F3E4-4A53-B0A6-EAB713A2F4FC}
		{96E167C1-A444-4DEF-B054-8BE93FB6F3B7} = {3794FEC6-36A9-4EF9-B659-4795FBA85166}
		{A620524F-88A9-4424-99D0-A900E60051E7} = {3794FEC6-36A9-4EF9-B659-4795FBA85166}
		{9A315F0B-27D9-4C91-8303-2B851E80929F} = {3794FEC6-36A9-4EF9-B659-4795FBA85166}
		{D422CC92-3653-4A19-A56A-33464C26471F} = {BBDBA537-F3E4-4A53-B0A6-EAB713A2F4FC}
		{DF273151-4DE3-4201-920C-29C7D581CF2A} = {A4E25BD9-0A7E-43DC-896B-3D118A393207}
		{40992F80-D385-4319-A4B5-71AAEA5341AD} = {A4E25BD9-0A7E-43DC-896B-3D118A393207}
		{1C839D0B-39FF-45D6-A928-4D78DDFF1DCA} = {7EE83184-36E1-4EB2-9BAE-79437E58F08B}
		{05920338-346F-4348-802F-0EACCF5CBABB} = {7EE83184-36E1-4EB2-9BAE-79437E58F08B}
		{34BE2038-1259-4A12-B124-BF8D1A7BA9CF} = {3794FEC6-36A9-4EF9-B659-4795FBA85166}
		{C0A35FF5-807A-4A52-A225-4CC96FC99F7A} = {83CD6730-7E46-4DF8-828E-7B242EAD68DA}
		{9E564F12-2539-4574-AB79-BD45E1D87C27} = {83CD6730-7E46-4DF8-828E-7B242EAD68DA}
		{83CD6730-7E46-4DF8-828E-7B242EAD68DA} = {ED238322-F145-41C9-8E9C-3CED201DC56E}
		{C509F896-4B71-4800-92AD-4A4FC423370D} = {7EE83184-36E1-4EB2-9BAE-79437E58F08B}
		{A4E25BD9-0A7E-43DC-896B-3D118A393207} = {ED238322-F145-41C9-8E9C-3CED201DC56E}
		{7EE83184-36E1-4EB2-9BAE-79437E58F08B} = {ED238322-F145-41C9-8E9C-3CED201DC56E}
	EndGlobalSection
	GlobalSection(ExtensibilityGlobals) = postSolution
		SolutionGuid = {5675ADBE-4230-426B-ACE6-229975BDCEBB}
	EndGlobalSection
EndGlobal
